
Microsoft Visual Studio Solution File, Format Version 12.00
# Visual Studio Version 17
VisualStudioVersion = 17.7.34024.191
MinimumVisualStudioVersion = 10.0.40219.1
Project("{9A19103F-16F7-4668-BE54-9A1E7A4F7556}") = "PBKK_230908_MediaCapture", "PBKK_230915_MediaCapture\PBKK_230908_MediaCapture.csproj", "{12EAE24E-EC6B-4573-94A1-A76A944FBE83}"
EndProject
Global
	GlobalSection(SolutionConfigurationPlatforms) = preSolution
		Debug|Any CPU = Debug|Any CPU
		Release|Any CPU = Release|Any CPU
	EndGlobalSection
	GlobalSection(ProjectConfigurationPlatforms) = postSolution
		{12EAE24E-EC6B-4573-94A1-A76A944FBE83}.Debug|Any CPU.ActiveCfg = Debug|Any CPU
		{12EAE24E-EC6B-4573-94A1-A76A944FBE83}.Debug|Any CPU.Build.0 = Debug|Any CPU
		{12EAE24E-EC6B-4573-94A1-A76A944FBE83}.Release|Any CPU.ActiveCfg = Release|Any CPU
		{12EAE24E-EC6B-4573-94A1-A76A944FBE83}.Release|Any CPU.Build.0 = Release|Any CPU
	EndGlobalSection
	GlobalSection(SolutionProperties) = preSolution
		HideSolutionNode = FALSE
	EndGlobalSection
	GlobalSection(ExtensibilityGlobals) = postSolution
		SolutionGuid = {4792E21E-BC26-4AFF-9A64-ECA2310C5941}
	EndGlobalSection
EndGlobal
