
Microsoft Visual Studio Solution File, Format Version 12.00
# Visual Studio Version 17
VisualStudioVersion = 17.7.34024.191
MinimumVisualStudioVersion = 10.0.40219.1
Project("{FAE04EC0-301F-11D3-BF4B-00C04F79EFBC}") = "PBKK_230915_Dashboard", "PBKK_230915_Dashboard\PBKK_230915_Dashboard.csproj", "{EBEF1917-82EF-4682-BED2-ACAF21A7EB2B}"
EndProject
Global
	GlobalSection(SolutionConfigurationPlatforms) = preSolution
		Debug|Any CPU = Debug|Any CPU
		Release|Any CPU = Release|Any CPU
	EndGlobalSection
	GlobalSection(ProjectConfigurationPlatforms) = postSolution
		{EBEF1917-82EF-4682-BED2-ACAF21A7EB2B}.Debug|Any CPU.ActiveCfg = Debug|Any CPU
		{EBEF1917-82EF-4682-BED2-ACAF21A7EB2B}.Debug|Any CPU.Build.0 = Debug|Any CPU
		{EBEF1917-82EF-4682-BED2-ACAF21A7EB2B}.Release|Any CPU.ActiveCfg = Release|Any CPU
		{EBEF1917-82EF-4682-BED2-ACAF21A7EB2B}.Release|Any CPU.Build.0 = Release|Any CPU
	EndGlobalSection
	GlobalSection(SolutionProperties) = preSolution
		HideSolutionNode = FALSE
	EndGlobalSection
	GlobalSection(ExtensibilityGlobals) = postSolution
		SolutionGuid = {69D5A146-C32B-4D8F-AEE0-1DAB54878A94}
	EndGlobalSection
EndGlobal
